
Microsoft Visual Studio Solution File, Format Version 12.00
# Visual Studio 15
Project("{FAE04EC0-301F-11D3-BF4B-00C04F79EFBC}") = "UnityEngine.UI", "UnityEngine.UI.csproj", "{476EA578-2160-4FAA-6608-B3865CD99C5C}"
EndProject
Project("{FAE04EC0-301F-11D3-BF4B-00C04F79EFBC}") = "UnityEngine.TestRunner", "UnityEngine.TestRunner.csproj", "{2E3B6BDD-B19D-E5FA-6D41-16141E77996C}"
EndProject
Project("{FAE04EC0-301F-11D3-BF4B-00C04F79EFBC}") = "Unity.Mathematics", "Unity.Mathematics.csproj", "{F141B80A-C703-6156-97D3-3A1EBEE92ECB}"
EndProject
Project("{FAE04EC0-301F-11D3-BF4B-00C04F79EFBC}") = "Unity.2D.Animation.Triangle.Runtime", "Unity.2D.Animation.Triangle.Runtime.csproj", "{AF0A2B24-B78A-DE89-8145-8E3F45C51575}"
EndProject
Project("{FAE04EC0-301F-11D3-BF4B-00C04F79EFBC}") = "Unity.Timeline", "Unity.Timeline.csproj", "{CA487C44-C316-E1DC-F566-0673E07E0A8B}"
EndProject
Project("{FAE04EC0-301F-11D3-BF4B-00C04F79EFBC}") = "Unity.TextMeshPro", "Unity.TextMeshPro.csproj", "{E1141B85-C9AF-E7E0-9848-D39114576B9F}"
EndProject
Project("{FAE04EC0-301F-11D3-BF4B-00C04F79EFBC}") = "Unity.2D.Animation.Runtime", "Unity.2D.Animation.Runtime.csproj", "{36A8CBF9-D366-F68C-B114-B11D642B5131}"
EndProject
Project("{FAE04EC0-301F-11D3-BF4B-00C04F79EFBC}") = "Unity.2D.IK.Runtime", "Unity.2D.IK.Runtime.csproj", "{FD586D00-4FF4-B653-F13A-B5F87E6BBA95}"
EndProject
Project("{FAE04EC0-301F-11D3-BF4B-00C04F79EFBC}") = "Unity.2D.SpriteShape.Runtime", "Unity.2D.SpriteShape.Runtime.csproj", "{7C90E706-0CB0-1359-183C-2F38E63766BD}"
EndProject
Project("{FAE04EC0-301F-11D3-BF4B-00C04F79EFBC}") = "Assembly-CSharp", "Assembly-CSharp.csproj", "{A94E1515-6B48-C8A1-88FD-C07A9F4E4DC0}"
EndProject
Project("{FAE04EC0-301F-11D3-BF4B-00C04F79EFBC}") = "Unity.2D.PixelPerfect", "Unity.2D.PixelPerfect.csproj", "{15A447D0-B82B-38E5-F645-662C4192D6CC}"
EndProject
Project("{FAE04EC0-301F-11D3-BF4B-00C04F79EFBC}") = "Unity.2D.Common.Runtime", "Unity.2D.Common.Runtime.csproj", "{0EE3C6DB-D5C7-89A1-51FB-ACA748259A44}"
EndProject
Project("{FAE04EC0-301F-11D3-BF4B-00C04F79EFBC}") = "Unity.InternalAPIEngineBridge.001", "Unity.InternalAPIEngineBridge.001.csproj", "{CEECFE10-3AD8-60EE-78DC-FCB59BB7421C}"
EndProject
Project("{FAE04EC0-301F-11D3-BF4B-00C04F79EFBC}") = "UnityEditor.TestRunner", "UnityEditor.TestRunner.csproj", "{0DB2FBDC-24C2-0B30-3755-8D1AA60BBEFA}"
EndProject
Project("{FAE04EC0-301F-11D3-BF4B-00C04F79EFBC}") = "Unity.PlasticSCM.Editor", "Unity.PlasticSCM.Editor.csproj", "{F22BB12D-8AD0-C1C3-EFE6-D6C7468E4B82}"
EndProject
Project("{FAE04EC0-301F-11D3-BF4B-00C04F79EFBC}") = "UnityEditor.UI", "UnityEditor.UI.csproj", "{3DE9C901-83B5-20C5-0C70-0B82E350E077}"
EndProject
Project("{FAE04EC0-301F-11D3-BF4B-00C04F79EFBC}") = "Unity.Timeline.Editor", "Unity.Timeline.Editor.csproj", "{8B7CC3B7-C37D-C6AF-7FE8-92F98C1BFF71}"
EndProject
Project("{FAE04EC0-301F-11D3-BF4B-00C04F79EFBC}") = "Unity.VisualStudio.Editor", "Unity.VisualStudio.Editor.csproj", "{E750B36D-7A5D-9622-1906-C661E35D2F52}"
EndProject
Project("{FAE04EC0-301F-11D3-BF4B-00C04F79EFBC}") = "Unity.2D.Psdimporter.Editor", "Unity.2D.Psdimporter.Editor.csproj", "{73B365F8-0C7A-7C15-83C1-D9DDA0B1D65E}"
EndProject
Project("{FAE04EC0-301F-11D3-BF4B-00C04F79EFBC}") = "Unity.2D.Animation.Editor", "Unity.2D.Animation.Editor.csproj", "{557F23A0-2FB6-20B0-2846-11E37DB5A51C}"
EndProject
Project("{FAE04EC0-301F-11D3-BF4B-00C04F79EFBC}") = "Unity.TextMeshPro.Editor", "Unity.TextMeshPro.Editor.csproj", "{C66F5D89-D5E5-0222-7373-FB7C0E9455BA}"
EndProject
Project("{FAE04EC0-301F-11D3-BF4B-00C04F79EFBC}") = "Unity.2D.SpriteShape.Editor", "Unity.2D.SpriteShape.Editor.csproj", "{BC8F9DAA-6E56-73A3-33A9-4E0DFCA40A42}"
EndProject
Project("{FAE04EC0-301F-11D3-BF4B-00C04F79EFBC}") = "Unity.CollabProxy.Editor", "Unity.CollabProxy.Editor.csproj", "{B76A611A-1301-5BAC-E122-7294F2BDB65F}"
EndProject
Project("{FAE04EC0-301F-11D3-BF4B-00C04F79EFBC}") = "PsdPlugin", "PsdPlugin.csproj", "{A14452FB-8870-041A-F43E-ED76C282062D}"
EndProject
Project("{FAE04EC0-301F-11D3-BF4B-00C04F79EFBC}") = "Unity.2D.Path.Editor", "Unity.2D.Path.Editor.csproj", "{C59FC7C5-526F-BF0D-189B-A5B33375781D}"
EndProject
Project("{FAE04EC0-301F-11D3-BF4B-00C04F79EFBC}") = "Unity.Rider.Editor", "Unity.Rider.Editor.csproj", "{01CBD7CD-7729-0098-AE93-DC4AC2BF27F9}"
EndProject
Project("{FAE04EC0-301F-11D3-BF4B-00C04F79EFBC}") = "Unity.2D.IK.Editor", "Unity.2D.IK.Editor.csproj", "{5D1D4317-7E58-174A-4B45-9073B1B59F73}"
EndProject
Project("{FAE04EC0-301F-11D3-BF4B-00C04F79EFBC}") = "Unity.2D.Sprite.Editor", "Unity.2D.Sprite.Editor.csproj", "{492C5B09-4D33-9514-6E8D-A4399758879F}"
EndProject
Project("{FAE04EC0-301F-11D3-BF4B-00C04F79EFBC}") = "Unity.2D.Tilemap.Editor", "Unity.2D.Tilemap.Editor.csproj", "{170A9916-E4AE-D9F2-EDE5-00480979659C}"
EndProject
Project("{FAE04EC0-301F-11D3-BF4B-00C04F79EFBC}") = "Unity.2D.PixelPerfect.Editor", "Unity.2D.PixelPerfect.Editor.csproj", "{987FFCDE-B541-4434-A794-660D0A80D1F6}"
EndProject
Project("{FAE04EC0-301F-11D3-BF4B-00C04F79EFBC}") = "Unity.VSCode.Editor", "Unity.VSCode.Editor.csproj", "{D93EF064-3FD9-1667-CAC8-634908639570}"
EndProject
Project("{FAE04EC0-301F-11D3-BF4B-00C04F79EFBC}") = "Unity.2D.Common.Editor", "Unity.2D.Common.Editor.csproj", "{EE55144F-9FFF-D94D-219D-81136B0CA6CF}"
EndProject
Project("{FAE04EC0-301F-11D3-BF4B-00C04F79EFBC}") = "Unity.Mathematics.Editor", "Unity.Mathematics.Editor.csproj", "{5A5AFF0B-A8CC-3409-873F-842682FBB7A1}"
EndProject
Project("{FAE04EC0-301F-11D3-BF4B-00C04F79EFBC}") = "Unity.InternalAPIEditorBridge.001", "Unity.InternalAPIEditorBridge.001.csproj", "{D0F2E6B5-AC97-71C8-1BAD-227354AD2464}"
EndProject
Project("{FAE04EC0-301F-11D3-BF4B-00C04F79EFBC}") = "UnityEngine.UI", "UnityEngine.UI.Player.csproj", "{16E14860-2DF3-CF2A-B93F-0C83330C0EDE}"
EndProject
Project("{FAE04EC0-301F-11D3-BF4B-00C04F79EFBC}") = "UnityEngine.TestRunner", "UnityEngine.TestRunner.Player.csproj", "{2E787CE0-4DE1-F18A-06CF-D4E07F513D90}"
EndProject
Project("{FAE04EC0-301F-11D3-BF4B-00C04F79EFBC}") = "Unity.Mathematics", "Unity.Mathematics.Player.csproj", "{6693ADC5-2AE6-1FBB-5E74-EAD7107B7863}"
EndProject
Project("{FAE04EC0-301F-11D3-BF4B-00C04F79EFBC}") = "Unity.2D.Animation.Triangle.Runtime", "Unity.2D.Animation.Triangle.Runtime.Player.csproj", "{F4565413-5D81-8D42-E9FF-A52913F2603F}"
EndProject
Project("{FAE04EC0-301F-11D3-BF4B-00C04F79EFBC}") = "Unity.Timeline", "Unity.Timeline.Player.csproj", "{E35DEF4E-FCFF-E5BB-9B00-F9FF5EF07EA8}"
EndProject
Project("{FAE04EC0-301F-11D3-BF4B-00C04F79EFBC}") = "Unity.TextMeshPro", "Unity.TextMeshPro.Player.csproj", "{4BF5D181-7D22-1D9E-DDF1-986669941C39}"
EndProject
Project("{FAE04EC0-301F-11D3-BF4B-00C04F79EFBC}") = "Unity.2D.Animation.Runtime", "Unity.2D.Animation.Runtime.Player.csproj", "{311396F8-A540-1505-291B-A0A89C569D0E}"
EndProject
Project("{FAE04EC0-301F-11D3-BF4B-00C04F79EFBC}") = "Unity.2D.IK.Runtime", "Unity.2D.IK.Runtime.Player.csproj", "{8F89A7BF-E512-8527-0FF7-C187322F6B54}"
EndProject
Project("{FAE04EC0-301F-11D3-BF4B-00C04F79EFBC}") = "Unity.2D.SpriteShape.Runtime", "Unity.2D.SpriteShape.Runtime.Player.csproj", "{9A88CC9F-7101-F2EC-5A5E-4BD21F1A682B}"
EndProject
Project("{FAE04EC0-301F-11D3-BF4B-00C04F79EFBC}") = "Assembly-CSharp", "Assembly-CSharp.Player.csproj", "{F03D1D7B-0C25-C4B4-2EBE-F1F6BCDBB3BD}"
EndProject
Project("{FAE04EC0-301F-11D3-BF4B-00C04F79EFBC}") = "Unity.2D.PixelPerfect", "Unity.2D.PixelPerfect.Player.csproj", "{7A78F620-3A06-0F4D-0C67-8F54B91AC121}"
EndProject
Project("{FAE04EC0-301F-11D3-BF4B-00C04F79EFBC}") = "Unity.2D.Common.Runtime", "Unity.2D.Common.Runtime.Player.csproj", "{6192805E-79A6-C7F5-D89A-238716280AB1}"
EndProject
Project("{FAE04EC0-301F-11D3-BF4B-00C04F79EFBC}") = "Unity.InternalAPIEngineBridge.001", "Unity.InternalAPIEngineBridge.001.Player.csproj", "{22F748D4-D71D-118D-6523-9539933EA9DF}"
EndProject
Global
	GlobalSection(SolutionConfigurationPlatforms) = preSolution
		Debug|Any CPU = Debug|Any CPU
		Release|Any CPU = Release|Any CPU
	EndGlobalSection
	GlobalSection(ProjectConfigurationPlatforms) = postSolution
		{476EA578-2160-4FAA-6608-B3865CD99C5C}.Debug|Any CPU.ActiveCfg = Debug|Any CPU
		{476EA578-2160-4FAA-6608-B3865CD99C5C}.Debug|Any CPU.Build.0 = Debug|Any CPU
		{476EA578-2160-4FAA-6608-B3865CD99C5C}.Release|Any CPU.ActiveCfg = Release|Any CPU
		{476EA578-2160-4FAA-6608-B3865CD99C5C}.Release|Any CPU.Build.0 = Release|Any CPU
		{2E3B6BDD-B19D-E5FA-6D41-16141E77996C}.Debug|Any CPU.ActiveCfg = Debug|Any CPU
		{2E3B6BDD-B19D-E5FA-6D41-16141E77996C}.Debug|Any CPU.Build.0 = Debug|Any CPU
		{2E3B6BDD-B19D-E5FA-6D41-16141E77996C}.Release|Any CPU.ActiveCfg = Release|Any CPU
		{2E3B6BDD-B19D-E5FA-6D41-16141E77996C}.Release|Any CPU.Build.0 = Release|Any CPU
		{F141B80A-C703-6156-97D3-3A1EBEE92ECB}.Debug|Any CPU.ActiveCfg = Debug|Any CPU
		{F141B80A-C703-6156-97D3-3A1EBEE92ECB}.Debug|Any CPU.Build.0 = Debug|Any CPU
		{F141B80A-C703-6156-97D3-3A1EBEE92ECB}.Release|Any CPU.ActiveCfg = Release|Any CPU
		{F141B80A-C703-6156-97D3-3A1EBEE92ECB}.Release|Any CPU.Build.0 = Release|Any CPU
		{AF0A2B24-B78A-DE89-8145-8E3F45C51575}.Debug|Any CPU.ActiveCfg = Debug|Any CPU
		{AF0A2B24-B78A-DE89-8145-8E3F45C51575}.Debug|Any CPU.Build.0 = Debug|Any CPU
		{AF0A2B24-B78A-DE89-8145-8E3F45C51575}.Release|Any CPU.ActiveCfg = Release|Any CPU
		{AF0A2B24-B78A-DE89-8145-8E3F45C51575}.Release|Any CPU.Build.0 = Release|Any CPU
		{CA487C44-C316-E1DC-F566-0673E07E0A8B}.Debug|Any CPU.ActiveCfg = Debug|Any CPU
		{CA487C44-C316-E1DC-F566-0673E07E0A8B}.Debug|Any CPU.Build.0 = Debug|Any CPU
		{CA487C44-C316-E1DC-F566-0673E07E0A8B}.Release|Any CPU.ActiveCfg = Release|Any CPU
		{CA487C44-C316-E1DC-F566-0673E07E0A8B}.Release|Any CPU.Build.0 = Release|Any CPU
		{E1141B85-C9AF-E7E0-9848-D39114576B9F}.Debug|Any CPU.ActiveCfg = Debug|Any CPU
		{E1141B85-C9AF-E7E0-9848-D39114576B9F}.Debug|Any CPU.Build.0 = Debug|Any CPU
		{E1141B85-C9AF-E7E0-9848-D39114576B9F}.Release|Any CPU.ActiveCfg = Release|Any CPU
		{E1141B85-C9AF-E7E0-9848-D39114576B9F}.Release|Any CPU.Build.0 = Release|Any CPU
		{36A8CBF9-D366-F68C-B114-B11D642B5131}.Debug|Any CPU.ActiveCfg = Debug|Any CPU
		{36A8CBF9-D366-F68C-B114-B11D642B5131}.Debug|Any CPU.Build.0 = Debug|Any CPU
		{36A8CBF9-D366-F68C-B114-B11D642B5131}.Release|Any CPU.ActiveCfg = Release|Any CPU
		{36A8CBF9-D366-F68C-B114-B11D642B5131}.Release|Any CPU.Build.0 = Release|Any CPU
		{FD586D00-4FF4-B653-F13A-B5F87E6BBA95}.Debug|Any CPU.ActiveCfg = Debug|Any CPU
		{FD586D00-4FF4-B653-F13A-B5F87E6BBA95}.Debug|Any CPU.Build.0 = Debug|Any CPU
		{FD586D00-4FF4-B653-F13A-B5F87E6BBA95}.Release|Any CPU.ActiveCfg = Release|Any CPU
		{FD586D00-4FF4-B653-F13A-B5F87E6BBA95}.Release|Any CPU.Build.0 = Release|Any CPU
		{7C90E706-0CB0-1359-183C-2F38E63766BD}.Debug|Any CPU.ActiveCfg = Debug|Any CPU
		{7C90E706-0CB0-1359-183C-2F38E63766BD}.Debug|Any CPU.Build.0 = Debug|Any CPU
		{7C90E706-0CB0-1359-183C-2F38E63766BD}.Release|Any CPU.ActiveCfg = Release|Any CPU
		{7C90E706-0CB0-1359-183C-2F38E63766BD}.Release|Any CPU.Build.0 = Release|Any CPU
		{A94E1515-6B48-C8A1-88FD-C07A9F4E4DC0}.Debug|Any CPU.ActiveCfg = Debug|Any CPU
		{A94E1515-6B48-C8A1-88FD-C07A9F4E4DC0}.Debug|Any CPU.Build.0 = Debug|Any CPU
		{A94E1515-6B48-C8A1-88FD-C07A9F4E4DC0}.Release|Any CPU.ActiveCfg = Release|Any CPU
		{A94E1515-6B48-C8A1-88FD-C07A9F4E4DC0}.Release|Any CPU.Build.0 = Release|Any CPU
		{15A447D0-B82B-38E5-F645-662C4192D6CC}.Debug|Any CPU.ActiveCfg = Debug|Any CPU
		{15A447D0-B82B-38E5-F645-662C4192D6CC}.Debug|Any CPU.Build.0 = Debug|Any CPU
		{15A447D0-B82B-38E5-F645-662C4192D6CC}.Release|Any CPU.ActiveCfg = Release|Any CPU
		{15A447D0-B82B-38E5-F645-662C4192D6CC}.Release|Any CPU.Build.0 = Release|Any CPU
		{0EE3C6DB-D5C7-89A1-51FB-ACA748259A44}.Debug|Any CPU.ActiveCfg = Debug|Any CPU
		{0EE3C6DB-D5C7-89A1-51FB-ACA748259A44}.Debug|Any CPU.Build.0 = Debug|Any CPU
		{0EE3C6DB-D5C7-89A1-51FB-ACA748259A44}.Release|Any CPU.ActiveCfg = Release|Any CPU
		{0EE3C6DB-D5C7-89A1-51FB-ACA748259A44}.Release|Any CPU.Build.0 = Release|Any CPU
		{CEECFE10-3AD8-60EE-78DC-FCB59BB7421C}.Debug|Any CPU.ActiveCfg = Debug|Any CPU
		{CEECFE10-3AD8-60EE-78DC-FCB59BB7421C}.Debug|Any CPU.Build.0 = Debug|Any CPU
		{CEECFE10-3AD8-60EE-78DC-FCB59BB7421C}.Release|Any CPU.ActiveCfg = Release|Any CPU
		{CEECFE10-3AD8-60EE-78DC-FCB59BB7421C}.Release|Any CPU.Build.0 = Release|Any CPU
		{0DB2FBDC-24C2-0B30-3755-8D1AA60BBEFA}.Debug|Any CPU.ActiveCfg = Debug|Any CPU
		{0DB2FBDC-24C2-0B30-3755-8D1AA60BBEFA}.Debug|Any CPU.Build.0 = Debug|Any CPU
		{0DB2FBDC-24C2-0B30-3755-8D1AA60BBEFA}.Release|Any CPU.ActiveCfg = Release|Any CPU
		{0DB2FBDC-24C2-0B30-3755-8D1AA60BBEFA}.Release|Any CPU.Build.0 = Release|Any CPU
		{F22BB12D-8AD0-C1C3-EFE6-D6C7468E4B82}.Debug|Any CPU.ActiveCfg = Debug|Any CPU
		{F22BB12D-8AD0-C1C3-EFE6-D6C7468E4B82}.Debug|Any CPU.Build.0 = Debug|Any CPU
		{F22BB12D-8AD0-C1C3-EFE6-D6C7468E4B82}.Release|Any CPU.ActiveCfg = Release|Any CPU
		{F22BB12D-8AD0-C1C3-EFE6-D6C7468E4B82}.Release|Any CPU.Build.0 = Release|Any CPU
		{3DE9C901-83B5-20C5-0C70-0B82E350E077}.Debug|Any CPU.ActiveCfg = Debug|Any CPU
		{3DE9C901-83B5-20C5-0C70-0B82E350E077}.Debug|Any CPU.Build.0 = Debug|Any CPU
		{3DE9C901-83B5-20C5-0C70-0B82E350E077}.Release|Any CPU.ActiveCfg = Release|Any CPU
		{3DE9C901-83B5-20C5-0C70-0B82E350E077}.Release|Any CPU.Build.0 = Release|Any CPU
		{8B7CC3B7-C37D-C6AF-7FE8-92F98C1BFF71}.Debug|Any CPU.ActiveCfg = Debug|Any CPU
		{8B7CC3B7-C37D-C6AF-7FE8-92F98C1BFF71}.Debug|Any CPU.Build.0 = Debug|Any CPU
		{8B7CC3B7-C37D-C6AF-7FE8-92F98C1BFF71}.Release|Any CPU.ActiveCfg = Release|Any CPU
		{8B7CC3B7-C37D-C6AF-7FE8-92F98C1BFF71}.Release|Any CPU.Build.0 = Release|Any CPU
		{E750B36D-7A5D-9622-1906-C661E35D2F52}.Debug|Any CPU.ActiveCfg = Debug|Any CPU
		{E750B36D-7A5D-9622-1906-C661E35D2F52}.Debug|Any CPU.Build.0 = Debug|Any CPU
		{E750B36D-7A5D-9622-1906-C661E35D2F52}.Release|Any CPU.ActiveCfg = Release|Any CPU
		{E750B36D-7A5D-9622-1906-C661E35D2F52}.Release|Any CPU.Build.0 = Release|Any CPU
		{73B365F8-0C7A-7C15-83C1-D9DDA0B1D65E}.Debug|Any CPU.ActiveCfg = Debug|Any CPU
		{73B365F8-0C7A-7C15-83C1-D9DDA0B1D65E}.Debug|Any CPU.Build.0 = Debug|Any CPU
		{73B365F8-0C7A-7C15-83C1-D9DDA0B1D65E}.Release|Any CPU.ActiveCfg = Release|Any CPU
		{73B365F8-0C7A-7C15-83C1-D9DDA0B1D65E}.Release|Any CPU.Build.0 = Release|Any CPU
		{557F23A0-2FB6-20B0-2846-11E37DB5A51C}.Debug|Any CPU.ActiveCfg = Debug|Any CPU
		{557F23A0-2FB6-20B0-2846-11E37DB5A51C}.Debug|Any CPU.Build.0 = Debug|Any CPU
		{557F23A0-2FB6-20B0-2846-11E37DB5A51C}.Release|Any CPU.ActiveCfg = Release|Any CPU
		{557F23A0-2FB6-20B0-2846-11E37DB5A51C}.Release|Any CPU.Build.0 = Release|Any CPU
		{C66F5D89-D5E5-0222-7373-FB7C0E9455BA}.Debug|Any CPU.ActiveCfg = Debug|Any CPU
		{C66F5D89-D5E5-0222-7373-FB7C0E9455BA}.Debug|Any CPU.Build.0 = Debug|Any CPU
		{C66F5D89-D5E5-0222-7373-FB7C0E9455BA}.Release|Any CPU.ActiveCfg = Release|Any CPU
		{C66F5D89-D5E5-0222-7373-FB7C0E9455BA}.Release|Any CPU.Build.0 = Release|Any CPU
		{BC8F9DAA-6E56-73A3-33A9-4E0DFCA40A42}.Debug|Any CPU.ActiveCfg = Debug|Any CPU
		{BC8F9DAA-6E56-73A3-33A9-4E0DFCA40A42}.Debug|Any CPU.Build.0 = Debug|Any CPU
		{BC8F9DAA-6E56-73A3-33A9-4E0DFCA40A42}.Release|Any CPU.ActiveCfg = Release|Any CPU
		{BC8F9DAA-6E56-73A3-33A9-4E0DFCA40A42}.Release|Any CPU.Build.0 = Release|Any CPU
		{B76A611A-1301-5BAC-E122-7294F2BDB65F}.Debug|Any CPU.ActiveCfg = Debug|Any CPU
		{B76A611A-1301-5BAC-E122-7294F2BDB65F}.Debug|Any CPU.Build.0 = Debug|Any CPU
		{B76A611A-1301-5BAC-E122-7294F2BDB65F}.Release|Any CPU.ActiveCfg = Release|Any CPU
		{B76A611A-1301-5BAC-E122-7294F2BDB65F}.Release|Any CPU.Build.0 = Release|Any CPU
		{A14452FB-8870-041A-F43E-ED76C282062D}.Debug|Any CPU.ActiveCfg = Debug|Any CPU
		{A14452FB-8870-041A-F43E-ED76C282062D}.Debug|Any CPU.Build.0 = Debug|Any CPU
		{A14452FB-8870-041A-F43E-ED76C282062D}.Release|Any CPU.ActiveCfg = Release|Any CPU
		{A14452FB-8870-041A-F43E-ED76C282062D}.Release|Any CPU.Build.0 = Release|Any CPU
		{C59FC7C5-526F-BF0D-189B-A5B33375781D}.Debug|Any CPU.ActiveCfg = Debug|Any CPU
		{C59FC7C5-526F-BF0D-189B-A5B33375781D}.Debug|Any CPU.Build.0 = Debug|Any CPU
		{C59FC7C5-526F-BF0D-189B-A5B33375781D}.Release|Any CPU.ActiveCfg = Release|Any CPU
		{C59FC7C5-526F-BF0D-189B-A5B33375781D}.Release|Any CPU.Build.0 = Release|Any CPU
		{01CBD7CD-7729-0098-AE93-DC4AC2BF27F9}.Debug|Any CPU.ActiveCfg = Debug|Any CPU
		{01CBD7CD-7729-0098-AE93-DC4AC2BF27F9}.Debug|Any CPU.Build.0 = Debug|Any CPU
		{01CBD7CD-7729-0098-AE93-DC4AC2BF27F9}.Release|Any CPU.ActiveCfg = Release|Any CPU
		{01CBD7CD-7729-0098-AE93-DC4AC2BF27F9}.Release|Any CPU.Build.0 = Release|Any CPU
		{5D1D4317-7E58-174A-4B45-9073B1B59F73}.Debug|Any CPU.ActiveCfg = Debug|Any CPU
		{5D1D4317-7E58-174A-4B45-9073B1B59F73}.Debug|Any CPU.Build.0 = Debug|Any CPU
		{5D1D4317-7E58-174A-4B45-9073B1B59F73}.Release|Any CPU.ActiveCfg = Release|Any CPU
		{5D1D4317-7E58-174A-4B45-9073B1B59F73}.Release|Any CPU.Build.0 = Release|Any CPU
		{492C5B09-4D33-9514-6E8D-A4399758879F}.Debug|Any CPU.ActiveCfg = Debug|Any CPU
		{492C5B09-4D33-9514-6E8D-A4399758879F}.Debug|Any CPU.Build.0 = Debug|Any CPU
		{492C5B09-4D33-9514-6E8D-A4399758879F}.Release|Any CPU.ActiveCfg = Release|Any CPU
		{492C5B09-4D33-9514-6E8D-A4399758879F}.Release|Any CPU.Build.0 = Release|Any CPU
		{170A9916-E4AE-D9F2-EDE5-00480979659C}.Debug|Any CPU.ActiveCfg = Debug|Any CPU
		{170A9916-E4AE-D9F2-EDE5-00480979659C}.Debug|Any CPU.Build.0 = Debug|Any CPU
		{170A9916-E4AE-D9F2-EDE5-00480979659C}.Release|Any CPU.ActiveCfg = Release|Any CPU
		{170A9916-E4AE-D9F2-EDE5-00480979659C}.Release|Any CPU.Build.0 = Release|Any CPU
		{987FFCDE-B541-4434-A794-660D0A80D1F6}.Debug|Any CPU.ActiveCfg = Debug|Any CPU
		{987FFCDE-B541-4434-A794-660D0A80D1F6}.Debug|Any CPU.Build.0 = Debug|Any CPU
		{987FFCDE-B541-4434-A794-660D0A80D1F6}.Release|Any CPU.ActiveCfg = Release|Any CPU
		{987FFCDE-B541-4434-A794-660D0A80D1F6}.Release|Any CPU.Build.0 = Release|Any CPU
		{D93EF064-3FD9-1667-CAC8-634908639570}.Debug|Any CPU.ActiveCfg = Debug|Any CPU
		{D93EF064-3FD9-1667-CAC8-634908639570}.Debug|Any CPU.Build.0 = Debug|Any CPU
		{D93EF064-3FD9-1667-CAC8-634908639570}.Release|Any CPU.ActiveCfg = Release|Any CPU
		{D93EF064-3FD9-1667-CAC8-634908639570}.Release|Any CPU.Build.0 = Release|Any CPU
		{EE55144F-9FFF-D94D-219D-81136B0CA6CF}.Debug|Any CPU.ActiveCfg = Debug|Any CPU
		{EE55144F-9FFF-D94D-219D-81136B0CA6CF}.Debug|Any CPU.Build.0 = Debug|Any CPU
		{EE55144F-9FFF-D94D-219D-81136B0CA6CF}.Release|Any CPU.ActiveCfg = Release|Any CPU
		{EE55144F-9FFF-D94D-219D-81136B0CA6CF}.Release|Any CPU.Build.0 = Release|Any CPU
		{5A5AFF0B-A8CC-3409-873F-842682FBB7A1}.Debug|Any CPU.ActiveCfg = Debug|Any CPU
		{5A5AFF0B-A8CC-3409-873F-842682FBB7A1}.Debug|Any CPU.Build.0 = Debug|Any CPU
		{5A5AFF0B-A8CC-3409-873F-842682FBB7A1}.Release|Any CPU.ActiveCfg = Release|Any CPU
		{5A5AFF0B-A8CC-3409-873F-842682FBB7A1}.Release|Any CPU.Build.0 = Release|Any CPU
		{D0F2E6B5-AC97-71C8-1BAD-227354AD2464}.Debug|Any CPU.ActiveCfg = Debug|Any CPU
		{D0F2E6B5-AC97-71C8-1BAD-227354AD2464}.Debug|Any CPU.Build.0 = Debug|Any CPU
		{D0F2E6B5-AC97-71C8-1BAD-227354AD2464}.Release|Any CPU.ActiveCfg = Release|Any CPU
		{D0F2E6B5-AC97-71C8-1BAD-227354AD2464}.Release|Any CPU.Build.0 = Release|Any CPU
		{16E14860-2DF3-CF2A-B93F-0C83330C0EDE}.Debug|Any CPU.ActiveCfg = Debug|Any CPU
		{16E14860-2DF3-CF2A-B93F-0C83330C0EDE}.Debug|Any CPU.Build.0 = Debug|Any CPU
		{16E14860-2DF3-CF2A-B93F-0C83330C0EDE}.Release|Any CPU.ActiveCfg = Release|Any CPU
		{16E14860-2DF3-CF2A-B93F-0C83330C0EDE}.Release|Any CPU.Build.0 = Release|Any CPU
		{2E787CE0-4DE1-F18A-06CF-D4E07F513D90}.Debug|Any CPU.ActiveCfg = Debug|Any CPU
		{2E787CE0-4DE1-F18A-06CF-D4E07F513D90}.Debug|Any CPU.Build.0 = Debug|Any CPU
		{2E787CE0-4DE1-F18A-06CF-D4E07F513D90}.Release|Any CPU.ActiveCfg = Release|Any CPU
		{2E787CE0-4DE1-F18A-06CF-D4E07F513D90}.Release|Any CPU.Build.0 = Release|Any CPU
		{6693ADC5-2AE6-1FBB-5E74-EAD7107B7863}.Debug|Any CPU.ActiveCfg = Debug|Any CPU
		{6693ADC5-2AE6-1FBB-5E74-EAD7107B7863}.Debug|Any CPU.Build.0 = Debug|Any CPU
		{6693ADC5-2AE6-1FBB-5E74-EAD7107B7863}.Release|Any CPU.ActiveCfg = Release|Any CPU
		{6693ADC5-2AE6-1FBB-5E74-EAD7107B7863}.Release|Any CPU.Build.0 = Release|Any CPU
		{F4565413-5D81-8D42-E9FF-A52913F2603F}.Debug|Any CPU.ActiveCfg = Debug|Any CPU
		{F4565413-5D81-8D42-E9FF-A52913F2603F}.Debug|Any CPU.Build.0 = Debug|Any CPU
		{F4565413-5D81-8D42-E9FF-A52913F2603F}.Release|Any CPU.ActiveCfg = Release|Any CPU
		{F4565413-5D81-8D42-E9FF-A52913F2603F}.Release|Any CPU.Build.0 = Release|Any CPU
		{E35DEF4E-FCFF-E5BB-9B00-F9FF5EF07EA8}.Debug|Any CPU.ActiveCfg = Debug|Any CPU
		{E35DEF4E-FCFF-E5BB-9B00-F9FF5EF07EA8}.Debug|Any CPU.Build.0 = Debug|Any CPU
		{E35DEF4E-FCFF-E5BB-9B00-F9FF5EF07EA8}.Release|Any CPU.ActiveCfg = Release|Any CPU
		{E35DEF4E-FCFF-E5BB-9B00-F9FF5EF07EA8}.Release|Any CPU.Build.0 = Release|Any CPU
		{4BF5D181-7D22-1D9E-DDF1-986669941C39}.Debug|Any CPU.ActiveCfg = Debug|Any CPU
		{4BF5D181-7D22-1D9E-DDF1-986669941C39}.Debug|Any CPU.Build.0 = Debug|Any CPU
		{4BF5D181-7D22-1D9E-DDF1-986669941C39}.Release|Any CPU.ActiveCfg = Release|Any CPU
		{4BF5D181-7D22-1D9E-DDF1-986669941C39}.Release|Any CPU.Build.0 = Release|Any CPU
		{311396F8-A540-1505-291B-A0A89C569D0E}.Debug|Any CPU.ActiveCfg = Debug|Any CPU
		{311396F8-A540-1505-291B-A0A89C569D0E}.Debug|Any CPU.Build.0 = Debug|Any CPU
		{311396F8-A540-1505-291B-A0A89C569D0E}.Release|Any CPU.ActiveCfg = Release|Any CPU
		{311396F8-A540-1505-291B-A0A89C569D0E}.Release|Any CPU.Build.0 = Release|Any CPU
		{8F89A7BF-E512-8527-0FF7-C187322F6B54}.Debug|Any CPU.ActiveCfg = Debug|Any CPU
		{8F89A7BF-E512-8527-0FF7-C187322F6B54}.Debug|Any CPU.Build.0 = Debug|Any CPU
		{8F89A7BF-E512-8527-0FF7-C187322F6B54}.Release|Any CPU.ActiveCfg = Release|Any CPU
		{8F89A7BF-E512-8527-0FF7-C187322F6B54}.Release|Any CPU.Build.0 = Release|Any CPU
		{9A88CC9F-7101-F2EC-5A5E-4BD21F1A682B}.Debug|Any CPU.ActiveCfg = Debug|Any CPU
		{9A88CC9F-7101-F2EC-5A5E-4BD21F1A682B}.Debug|Any CPU.Build.0 = Debug|Any CPU
		{9A88CC9F-7101-F2EC-5A5E-4BD21F1A682B}.Release|Any CPU.ActiveCfg = Release|Any CPU
		{9A88CC9F-7101-F2EC-5A5E-4BD21F1A682B}.Release|Any CPU.Build.0 = Release|Any CPU
		{F03D1D7B-0C25-C4B4-2EBE-F1F6BCDBB3BD}.Debug|Any CPU.ActiveCfg = Debug|Any CPU
		{F03D1D7B-0C25-C4B4-2EBE-F1F6BCDBB3BD}.Debug|Any CPU.Build.0 = Debug|Any CPU
		{F03D1D7B-0C25-C4B4-2EBE-F1F6BCDBB3BD}.Release|Any CPU.ActiveCfg = Release|Any CPU
		{F03D1D7B-0C25-C4B4-2EBE-F1F6BCDBB3BD}.Release|Any CPU.Build.0 = Release|Any CPU
		{7A78F620-3A06-0F4D-0C67-8F54B91AC121}.Debug|Any CPU.ActiveCfg = Debug|Any CPU
		{7A78F620-3A06-0F4D-0C67-8F54B91AC121}.Debug|Any CPU.Build.0 = Debug|Any CPU
		{7A78F620-3A06-0F4D-0C67-8F54B91AC121}.Release|Any CPU.ActiveCfg = Release|Any CPU
		{7A78F620-3A06-0F4D-0C67-8F54B91AC121}.Release|Any CPU.Build.0 = Release|Any CPU
		{6192805E-79A6-C7F5-D89A-238716280AB1}.Debug|Any CPU.ActiveCfg = Debug|Any CPU
		{6192805E-79A6-C7F5-D89A-238716280AB1}.Debug|Any CPU.Build.0 = Debug|Any CPU
		{6192805E-79A6-C7F5-D89A-238716280AB1}.Release|Any CPU.ActiveCfg = Release|Any CPU
		{6192805E-79A6-C7F5-D89A-238716280AB1}.Release|Any CPU.Build.0 = Release|Any CPU
		{22F748D4-D71D-118D-6523-9539933EA9DF}.Debug|Any CPU.ActiveCfg = Debug|Any CPU
		{22F748D4-D71D-118D-6523-9539933EA9DF}.Debug|Any CPU.Build.0 = Debug|Any CPU
		{22F748D4-D71D-118D-6523-9539933EA9DF}.Release|Any CPU.ActiveCfg = Release|Any CPU
		{22F748D4-D71D-118D-6523-9539933EA9DF}.Release|Any CPU.Build.0 = Release|Any CPU
	EndGlobalSection
	GlobalSection(SolutionProperties) = preSolution
		HideSolutionNode = FALSE
	EndGlobalSection
EndGlobal
